// !$*UTF8*$!
{
	archiveVersion = 1;
	classes = {
	};
	objectVersion = 55;
	objects = {

/* Begin PBXBuildFile section */
		F0EA307F2865FC6E007BB1F7 /* AppDelegate.swift in Sources */ = {isa = PBXBuildFile; fileRef = F0EA307E2865FC6E007BB1F7 /* AppDelegate.swift */; };
		F0EA30812865FC6E007BB1F7 /* SceneDelegate.swift in Sources */ = {isa = PBXBuildFile; fileRef = F0EA30802865FC6E007BB1F7 /* SceneDelegate.swift */; };
		F0EA30882865FC70007BB1F7 /* Assets.xcassets in Resources */ = {isa = PBXBuildFile; fileRef = F0EA30872865FC70007BB1F7 /* Assets.xcassets */; };
		F0EA308B2865FC70007BB1F7 /* LaunchScreen.storyboard in Resources */ = {isa = PBXBuildFile; fileRef = F0EA30892865FC70007BB1F7 /* LaunchScreen.storyboard */; };
		F0EA30942865FC94007BB1F7 /* RxCocoa in Frameworks */ = {isa = PBXBuildFile; productRef = F0EA30932865FC94007BB1F7 /* RxCocoa */; };
		F0EA30962865FC94007BB1F7 /* RxRelay in Frameworks */ = {isa = PBXBuildFile; productRef = F0EA30952865FC94007BB1F7 /* RxRelay */; };
		F0EA30982865FC94007BB1F7 /* RxSwift in Frameworks */ = {isa = PBXBuildFile; productRef = F0EA30972865FC94007BB1F7 /* RxSwift */; };
		F0EA309B2865FCE9007BB1F7 /* Kingfisher in Frameworks */ = {isa = PBXBuildFile; productRef = F0EA309A2865FCE9007BB1F7 /* Kingfisher */; };
		F0EA309E2865FCF7007BB1F7 /* SnapKit in Frameworks */ = {isa = PBXBuildFile; productRef = F0EA309D2865FCF7007BB1F7 /* SnapKit */; };
		F0EA30A02865FD33007BB1F7 /* MainViewController.swift in Sources */ = {isa = PBXBuildFile; fileRef = F0EA309F2865FD33007BB1F7 /* MainViewController.swift */; };
		F0EA30A22865FDF3007BB1F7 /* SearchBar.swift in Sources */ = {isa = PBXBuildFile; fileRef = F0EA30A12865FDF3007BB1F7 /* SearchBar.swift */; };
		F0EA30A428660090007BB1F7 /* FilterView.swift in Sources */ = {isa = PBXBuildFile; fileRef = F0EA30A328660090007BB1F7 /* FilterView.swift */; };
		F0EA30A6286601A9007BB1F7 /* BlogListView.swift in Sources */ = {isa = PBXBuildFile; fileRef = F0EA30A5286601A9007BB1F7 /* BlogListView.swift */; };
		F0EA30A8286601B7007BB1F7 /* BlogListCell.swift in Sources */ = {isa = PBXBuildFile; fileRef = F0EA30A7286601B7007BB1F7 /* BlogListCell.swift */; };
		F0EA30AA286601BE007BB1F7 /* BlogListCellData.swift in Sources */ = {isa = PBXBuildFile; fileRef = F0EA30A9286601BE007BB1F7 /* BlogListCellData.swift */; };
		F0EA30B42866059F007BB1F7 /* AlertActionConvertible.swift in Sources */ = {isa = PBXBuildFile; fileRef = F0EA30B32866059F007BB1F7 /* AlertActionConvertible.swift */; };
		F0EA30BB2869D32F007BB1F7 /* DKBlog.swift in Sources */ = {isa = PBXBuildFile; fileRef = F0EA30BA2869D32F007BB1F7 /* DKBlog.swift */; };
		F0EA30BD2869D498007BB1F7 /* SearchBlogAPI.swift in Sources */ = {isa = PBXBuildFile; fileRef = F0EA30BC2869D498007BB1F7 /* SearchBlogAPI.swift */; };
		F0EA30C02869E8C6007BB1F7 /* SerachBlogNetwork.swift in Sources */ = {isa = PBXBuildFile; fileRef = F0EA30BF2869E8C6007BB1F7 /* SerachBlogNetwork.swift */; };
/* End PBXBuildFile section */

/* Begin PBXFileReference section */
		F0EA307B2865FC6E007BB1F7 /* SearchDaumBlog.app */ = {isa = PBXFileReference; explicitFileType = wrapper.application; includeInIndex = 0; path = SearchDaumBlog.app; sourceTree = BUILT_PRODUCTS_DIR; };
		F0EA307E2865FC6E007BB1F7 /* AppDelegate.swift */ = {isa = PBXFileReference; lastKnownFileType = sourcecode.swift; path = AppDelegate.swift; sourceTree = "<group>"; };
		F0EA30802865FC6E007BB1F7 /* SceneDelegate.swift */ = {isa = PBXFileReference; lastKnownFileType = sourcecode.swift; path = SceneDelegate.swift; sourceTree = "<group>"; };
		F0EA30872865FC70007BB1F7 /* Assets.xcassets */ = {isa = PBXFileReference; lastKnownFileType = folder.assetcatalog; path = Assets.xcassets; sourceTree = "<group>"; };
		F0EA308A2865FC70007BB1F7 /* Base */ = {isa = PBXFileReference; lastKnownFileType = file.storyboard; name = Base; path = Base.lproj/LaunchScreen.storyboard; sourceTree = "<group>"; };
		F0EA308C2865FC70007BB1F7 /* Info.plist */ = {isa = PBXFileReference; lastKnownFileType = text.plist.xml; path = Info.plist; sourceTree = "<group>"; };
		F0EA309F2865FD33007BB1F7 /* MainViewController.swift */ = {isa = PBXFileReference; lastKnownFileType = sourcecode.swift; path = MainViewController.swift; sourceTree = "<group>"; };
		F0EA30A12865FDF3007BB1F7 /* SearchBar.swift */ = {isa = PBXFileReference; lastKnownFileType = sourcecode.swift; path = SearchBar.swift; sourceTree = "<group>"; };
		F0EA30A328660090007BB1F7 /* FilterView.swift */ = {isa = PBXFileReference; lastKnownFileType = sourcecode.swift; path = FilterView.swift; sourceTree = "<group>"; };
		F0EA30A5286601A9007BB1F7 /* BlogListView.swift */ = {isa = PBXFileReference; lastKnownFileType = sourcecode.swift; path = BlogListView.swift; sourceTree = "<group>"; };
		F0EA30A7286601B7007BB1F7 /* BlogListCell.swift */ = {isa = PBXFileReference; lastKnownFileType = sourcecode.swift; path = BlogListCell.swift; sourceTree = "<group>"; };
		F0EA30A9286601BE007BB1F7 /* BlogListCellData.swift */ = {isa = PBXFileReference; lastKnownFileType = sourcecode.swift; path = BlogListCellData.swift; sourceTree = "<group>"; };
		F0EA30B32866059F007BB1F7 /* AlertActionConvertible.swift */ = {isa = PBXFileReference; lastKnownFileType = sourcecode.swift; path = AlertActionConvertible.swift; sourceTree = "<group>"; };
		F0EA30BA2869D32F007BB1F7 /* DKBlog.swift */ = {isa = PBXFileReference; lastKnownFileType = sourcecode.swift; path = DKBlog.swift; sourceTree = "<group>"; };
		F0EA30BC2869D498007BB1F7 /* SearchBlogAPI.swift */ = {isa = PBXFileReference; lastKnownFileType = sourcecode.swift; path = SearchBlogAPI.swift; sourceTree = "<group>"; };
		F0EA30BF2869E8C6007BB1F7 /* SerachBlogNetwork.swift */ = {isa = PBXFileReference; lastKnownFileType = sourcecode.swift; path = SerachBlogNetwork.swift; sourceTree = "<group>"; };
/* End PBXFileReference section */

/* Begin PBXFrameworksBuildPhase section */
		F0EA30782865FC6E007BB1F7 /* Frameworks */ = {
			isa = PBXFrameworksBuildPhase;
			buildActionMask = 2147483647;
			files = (
				F0EA309B2865FCE9007BB1F7 /* Kingfisher in Frameworks */,
				F0EA30982865FC94007BB1F7 /* RxSwift in Frameworks */,
				F0EA30962865FC94007BB1F7 /* RxRelay in Frameworks */,
				F0EA30942865FC94007BB1F7 /* RxCocoa in Frameworks */,
				F0EA309E2865FCF7007BB1F7 /* SnapKit in Frameworks */,
			);
			runOnlyForDeploymentPostprocessing = 0;
		};
/* End PBXFrameworksBuildPhase section */

/* Begin PBXGroup section */
		F0EA30722865FC6E007BB1F7 = {
			isa = PBXGroup;
			children = (
				F0EA307D2865FC6E007BB1F7 /* SearchDaumBlog */,
				F0EA307C2865FC6E007BB1F7 /* Products */,
			);
			sourceTree = "<group>";
		};
		F0EA307C2865FC6E007BB1F7 /* Products */ = {
			isa = PBXGroup;
			children = (
				F0EA307B2865FC6E007BB1F7 /* SearchDaumBlog.app */,
			);
			name = Products;
			sourceTree = "<group>";
		};
		F0EA307D2865FC6E007BB1F7 /* SearchDaumBlog */ = {
			isa = PBXGroup;
			children = (
				F0EA307E2865FC6E007BB1F7 /* AppDelegate.swift */,
				F0EA30802865FC6E007BB1F7 /* SceneDelegate.swift */,
				F0EA30AD286601DD007BB1F7 /* Entities */,
				F0EA30BE2869D4AC007BB1F7 /* Network */,
				F0EA30AC286601D4007BB1F7 /* Presentation */,
				F0EA30872865FC70007BB1F7 /* Assets.xcassets */,
				F0EA30892865FC70007BB1F7 /* LaunchScreen.storyboard */,
				F0EA308C2865FC70007BB1F7 /* Info.plist */,
			);
			path = SearchDaumBlog;
			sourceTree = "<group>";
		};
		F0EA30AC286601D4007BB1F7 /* Presentation */ = {
			isa = PBXGroup;
			children = (
				F0EA30AF286604F3007BB1F7 /* MainVC */,
			);
			path = Presentation;
			sourceTree = "<group>";
		};
		F0EA30AD286601DD007BB1F7 /* Entities */ = {
			isa = PBXGroup;
			children = (
				F0EA30A9286601BE007BB1F7 /* BlogListCellData.swift */,
				F0EA30B32866059F007BB1F7 /* AlertActionConvertible.swift */,
				F0EA30BA2869D32F007BB1F7 /* DKBlog.swift */,
			);
			path = Entities;
			sourceTree = "<group>";
		};
		F0EA30AE286604E9007BB1F7 /* SubComponents */ = {
			isa = PBXGroup;
			children = (
				F0EA30B02866050A007BB1F7 /* SearchBar */,
				F0EA30B128660515007BB1F7 /* BlogListView */,
			);
			path = SubComponents;
			sourceTree = "<group>";
		};
		F0EA30AF286604F3007BB1F7 /* MainVC */ = {
			isa = PBXGroup;
			children = (
				F0EA309F2865FD33007BB1F7 /* MainViewController.swift */,
				F0EA30AE286604E9007BB1F7 /* SubComponents */,
			);
			path = MainVC;
			sourceTree = "<group>";
		};
		F0EA30B02866050A007BB1F7 /* SearchBar */ = {
			isa = PBXGroup;
			children = (
				F0EA30A12865FDF3007BB1F7 /* SearchBar.swift */,
			);
			path = SearchBar;
			sourceTree = "<group>";
		};
		F0EA30B128660515007BB1F7 /* BlogListView */ = {
			isa = PBXGroup;
			children = (
				F0EA30A328660090007BB1F7 /* FilterView.swift */,
				F0EA30B228660522007BB1F7 /* SubComponents */,
			);
			path = BlogListView;
			sourceTree = "<group>";
		};
		F0EA30B228660522007BB1F7 /* SubComponents */ = {
			isa = PBXGroup;
			children = (
				F0EA30A5286601A9007BB1F7 /* BlogListView.swift */,
				F0EA30A7286601B7007BB1F7 /* BlogListCell.swift */,
			);
			path = SubComponents;
			sourceTree = "<group>";
		};
		F0EA30BE2869D4AC007BB1F7 /* Network */ = {
			isa = PBXGroup;
			children = (
				F0EA30BC2869D498007BB1F7 /* SearchBlogAPI.swift */,
				F0EA30BF2869E8C6007BB1F7 /* SerachBlogNetwork.swift */,
			);
			path = Network;
			sourceTree = "<group>";
		};
/* End PBXGroup section */

/* Begin PBXNativeTarget section */
		F0EA307A2865FC6E007BB1F7 /* SearchDaumBlog */ = {
			isa = PBXNativeTarget;
			buildConfigurationList = F0EA308F2865FC70007BB1F7 /* Build configuration list for PBXNativeTarget "SearchDaumBlog" */;
			buildPhases = (
				F0EA30772865FC6E007BB1F7 /* Sources */,
				F0EA30782865FC6E007BB1F7 /* Frameworks */,
				F0EA30792865FC6E007BB1F7 /* Resources */,
			);
			buildRules = (
			);
			dependencies = (
			);
			name = SearchDaumBlog;
			packageProductDependencies = (
				F0EA30932865FC94007BB1F7 /* RxCocoa */,
				F0EA30952865FC94007BB1F7 /* RxRelay */,
				F0EA30972865FC94007BB1F7 /* RxSwift */,
				F0EA309A2865FCE9007BB1F7 /* Kingfisher */,
				F0EA309D2865FCF7007BB1F7 /* SnapKit */,
			);
			productName = SearchDaumBlog;
			productReference = F0EA307B2865FC6E007BB1F7 /* SearchDaumBlog.app */;
			productType = "com.apple.product-type.application";
		};
/* End PBXNativeTarget section */

/* Begin PBXProject section */
		F0EA30732865FC6E007BB1F7 /* Project object */ = {
			isa = PBXProject;
			attributes = {
				BuildIndependentTargetsInParallel = 1;
				LastSwiftUpdateCheck = 1340;
				LastUpgradeCheck = 1340;
				TargetAttributes = {
					F0EA307A2865FC6E007BB1F7 = {
						CreatedOnToolsVersion = 13.4;
					};
				};
			};
			buildConfigurationList = F0EA30762865FC6E007BB1F7 /* Build configuration list for PBXProject "SearchDaumBlog" */;
			compatibilityVersion = "Xcode 13.0";
			developmentRegion = en;
			hasScannedForEncodings = 0;
			knownRegions = (
				en,
				Base,
			);
			mainGroup = F0EA30722865FC6E007BB1F7;
			packageReferences = (
				F0EA30922865FC94007BB1F7 /* XCRemoteSwiftPackageReference "RxSwift" */,
				F0EA30992865FCE9007BB1F7 /* XCRemoteSwiftPackageReference "Kingfisher" */,
				F0EA309C2865FCF7007BB1F7 /* XCRemoteSwiftPackageReference "SnapKit" */,
			);
			productRefGroup = F0EA307C2865FC6E007BB1F7 /* Products */;
			projectDirPath = "";
			projectRoot = "";
			targets = (
				F0EA307A2865FC6E007BB1F7 /* SearchDaumBlog */,
			);
		};
/* End PBXProject section */

/* Begin PBXResourcesBuildPhase section */
		F0EA30792865FC6E007BB1F7 /* Resources */ = {
			isa = PBXResourcesBuildPhase;
			buildActionMask = 2147483647;
			files = (
				F0EA308B2865FC70007BB1F7 /* LaunchScreen.storyboard in Resources */,
				F0EA30882865FC70007BB1F7 /* Assets.xcassets in Resources */,
			);
			runOnlyForDeploymentPostprocessing = 0;
		};
/* End PBXResourcesBuildPhase section */

/* Begin PBXSourcesBuildPhase section */
		F0EA30772865FC6E007BB1F7 /* Sources */ = {
			isa = PBXSourcesBuildPhase;
			buildActionMask = 2147483647;
			files = (
				F0EA30A02865FD33007BB1F7 /* MainViewController.swift in Sources */,
				F0EA30A8286601B7007BB1F7 /* BlogListCell.swift in Sources */,
				F0EA30C02869E8C6007BB1F7 /* SerachBlogNetwork.swift in Sources */,
				F0EA30BB2869D32F007BB1F7 /* DKBlog.swift in Sources */,
				F0EA30A6286601A9007BB1F7 /* BlogListView.swift in Sources */,
				F0EA30BD2869D498007BB1F7 /* SearchBlogAPI.swift in Sources */,
				F0EA30AA286601BE007BB1F7 /* BlogListCellData.swift in Sources */,
				F0EA30A22865FDF3007BB1F7 /* SearchBar.swift in Sources */,
				F0EA307F2865FC6E007BB1F7 /* AppDelegate.swift in Sources */,
				F0EA30A428660090007BB1F7 /* FilterView.swift in Sources */,
				F0EA30812865FC6E007BB1F7 /* SceneDelegate.swift in Sources */,
				F0EA30B42866059F007BB1F7 /* AlertActionConvertible.swift in Sources */,
			);
			runOnlyForDeploymentPostprocessing = 0;
		};
/* End PBXSourcesBuildPhase section */

/* Begin PBXVariantGroup section */
		F0EA30892865FC70007BB1F7 /* LaunchScreen.storyboard */ = {
			isa = PBXVariantGroup;
			children = (
				F0EA308A2865FC70007BB1F7 /* Base */,
			);
			name = LaunchScreen.storyboard;
			sourceTree = "<group>";
		};
/* End PBXVariantGroup section */

/* Begin XCBuildConfiguration section */
		F0EA308D2865FC70007BB1F7 /* Debug */ = {
			isa = XCBuildConfiguration;
			buildSettings = {
				ALWAYS_SEARCH_USER_PATHS = NO;
				CLANG_ANALYZER_NONNULL = YES;
				CLANG_ANALYZER_NUMBER_OBJECT_CONVERSION = YES_AGGRESSIVE;
				CLANG_CXX_LANGUAGE_STANDARD = "gnu++17";
				CLANG_ENABLE_MODULES = YES;
				CLANG_ENABLE_OBJC_ARC = YES;
				CLANG_ENABLE_OBJC_WEAK = YES;
				CLANG_WARN_BLOCK_CAPTURE_AUTORELEASING = YES;
				CLANG_WARN_BOOL_CONVERSION = YES;
				CLANG_WARN_COMMA = YES;
				CLANG_WARN_CONSTANT_CONVERSION = YES;
				CLANG_WARN_DEPRECATED_OBJC_IMPLEMENTATIONS = YES;
				CLANG_WARN_DIRECT_OBJC_ISA_USAGE = YES_ERROR;
				CLANG_WARN_DOCUMENTATION_COMMENTS = YES;
				CLANG_WARN_EMPTY_BODY = YES;
				CLANG_WARN_ENUM_CONVERSION = YES;
				CLANG_WARN_INFINITE_RECURSION = YES;
				CLANG_WARN_INT_CONVERSION = YES;
				CLANG_WARN_NON_LITERAL_NULL_CONVERSION = YES;
				CLANG_WARN_OBJC_IMPLICIT_RETAIN_SELF = YES;
				CLANG_WARN_OBJC_LITERAL_CONVERSION = YES;
				CLANG_WARN_OBJC_ROOT_CLASS = YES_ERROR;
				CLANG_WARN_QUOTED_INCLUDE_IN_FRAMEWORK_HEADER = YES;
				CLANG_WARN_RANGE_LOOP_ANALYSIS = YES;
				CLANG_WARN_STRICT_PROTOTYPES = YES;
				CLANG_WARN_SUSPICIOUS_MOVE = YES;
				CLANG_WARN_UNGUARDED_AVAILABILITY = YES_AGGRESSIVE;
				CLANG_WARN_UNREACHABLE_CODE = YES;
				CLANG_WARN__DUPLICATE_METHOD_MATCH = YES;
				COPY_PHASE_STRIP = NO;
				DEBUG_INFORMATION_FORMAT = dwarf;
				ENABLE_STRICT_OBJC_MSGSEND = YES;
				ENABLE_TESTABILITY = YES;
				GCC_C_LANGUAGE_STANDARD = gnu11;
				GCC_DYNAMIC_NO_PIC = NO;
				GCC_NO_COMMON_BLOCKS = YES;
				GCC_OPTIMIZATION_LEVEL = 0;
				GCC_PREPROCESSOR_DEFINITIONS = (
					"DEBUG=1",
					"$(inherited)",
				);
				GCC_WARN_64_TO_32_BIT_CONVERSION = YES;
				GCC_WARN_ABOUT_RETURN_TYPE = YES_ERROR;
				GCC_WARN_UNDECLARED_SELECTOR = YES;
				GCC_WARN_UNINITIALIZED_AUTOS = YES_AGGRESSIVE;
				GCC_WARN_UNUSED_FUNCTION = YES;
				GCC_WARN_UNUSED_VARIABLE = YES;
				IPHONEOS_DEPLOYMENT_TARGET = 15.5;
				MTL_ENABLE_DEBUG_INFO = INCLUDE_SOURCE;
				MTL_FAST_MATH = YES;
				ONLY_ACTIVE_ARCH = YES;
				SDKROOT = iphoneos;
				SWIFT_ACTIVE_COMPILATION_CONDITIONS = DEBUG;
				SWIFT_OPTIMIZATION_LEVEL = "-Onone";
			};
			name = Debug;
		};
		F0EA308E2865FC70007BB1F7 /* Release */ = {
			isa = XCBuildConfiguration;
			buildSettings = {
				ALWAYS_SEARCH_USER_PATHS = NO;
				CLANG_ANALYZER_NONNULL = YES;
				CLANG_ANALYZER_NUMBER_OBJECT_CONVERSION = YES_AGGRESSIVE;
				CLANG_CXX_LANGUAGE_STANDARD = "gnu++17";
				CLANG_ENABLE_MODULES = YES;
				CLANG_ENABLE_OBJC_ARC = YES;
				CLANG_ENABLE_OBJC_WEAK = YES;
				CLANG_WARN_BLOCK_CAPTURE_AUTORELEASING = YES;
				CLANG_WARN_BOOL_CONVERSION = YES;
				CLANG_WARN_COMMA = YES;
				CLANG_WARN_CONSTANT_CONVERSION = YES;
				CLANG_WARN_DEPRECATED_OBJC_IMPLEMENTATIONS = YES;
				CLANG_WARN_DIRECT_OBJC_ISA_USAGE = YES_ERROR;
				CLANG_WARN_DOCUMENTATION_COMMENTS = YES;
				CLANG_WARN_EMPTY_BODY = YES;
				CLANG_WARN_ENUM_CONVERSION = YES;
				CLANG_WARN_INFINITE_RECURSION = YES;
				CLANG_WARN_INT_CONVERSION = YES;
				CLANG_WARN_NON_LITERAL_NULL_CONVERSION = YES;
				CLANG_WARN_OBJC_IMPLICIT_RETAIN_SELF = YES;
				CLANG_WARN_OBJC_LITERAL_CONVERSION = YES;
				CLANG_WARN_OBJC_ROOT_CLASS = YES_ERROR;
				CLANG_WARN_QUOTED_INCLUDE_IN_FRAMEWORK_HEADER = YES;
				CLANG_WARN_RANGE_LOOP_ANALYSIS = YES;
				CLANG_WARN_STRICT_PROTOTYPES = YES;
				CLANG_WARN_SUSPICIOUS_MOVE = YES;
				CLANG_WARN_UNGUARDED_AVAILABILITY = YES_AGGRESSIVE;
				CLANG_WARN_UNREACHABLE_CODE = YES;
				CLANG_WARN__DUPLICATE_METHOD_MATCH = YES;
				COPY_PHASE_STRIP = NO;
				DEBUG_INFORMATION_FORMAT = "dwarf-with-dsym";
				ENABLE_NS_ASSERTIONS = NO;
				ENABLE_STRICT_OBJC_MSGSEND = YES;
				GCC_C_LANGUAGE_STANDARD = gnu11;
				GCC_NO_COMMON_BLOCKS = YES;
				GCC_WARN_64_TO_32_BIT_CONVERSION = YES;
				GCC_WARN_ABOUT_RETURN_TYPE = YES_ERROR;
				GCC_WARN_UNDECLARED_SELECTOR = YES;
				GCC_WARN_UNINITIALIZED_AUTOS = YES_AGGRESSIVE;
				GCC_WARN_UNUSED_FUNCTION = YES;
				GCC_WARN_UNUSED_VARIABLE = YES;
				IPHONEOS_DEPLOYMENT_TARGET = 15.5;
				MTL_ENABLE_DEBUG_INFO = NO;
				MTL_FAST_MATH = YES;
				SDKROOT = iphoneos;
				SWIFT_COMPILATION_MODE = wholemodule;
				SWIFT_OPTIMIZATION_LEVEL = "-O";
				VALIDATE_PRODUCT = YES;
			};
			name = Release;
		};
		F0EA30902865FC70007BB1F7 /* Debug */ = {
			isa = XCBuildConfiguration;
			buildSettings = {
				ASSETCATALOG_COMPILER_APPICON_NAME = AppIcon;
				ASSETCATALOG_COMPILER_GLOBAL_ACCENT_COLOR_NAME = AccentColor;
				CODE_SIGN_STYLE = Automatic;
				CURRENT_PROJECT_VERSION = 1;
				DEVELOPMENT_TEAM = 8UV3Y69NB7;
				GENERATE_INFOPLIST_FILE = YES;
				INFOPLIST_FILE = SearchDaumBlog/Info.plist;
				INFOPLIST_KEY_UIApplicationSupportsIndirectInputEvents = YES;
				INFOPLIST_KEY_UILaunchStoryboardName = LaunchScreen;
				INFOPLIST_KEY_UISupportedInterfaceOrientations_iPad = "UIInterfaceOrientationPortrait UIInterfaceOrientationPortraitUpsideDown UIInterfaceOrientationLandscapeLeft UIInterfaceOrientationLandscapeRight";
				INFOPLIST_KEY_UISupportedInterfaceOrientations_iPhone = "UIInterfaceOrientationPortrait UIInterfaceOrientationLandscapeLeft UIInterfaceOrientationLandscapeRight";
				LD_RUNPATH_SEARCH_PATHS = (
					"$(inherited)",
					"@executable_path/Frameworks",
				);
				MARKETING_VERSION = 1.0;
				PRODUCT_BUNDLE_IDENTIFIER = gaeng2y.SearchDaumBlog;
				PRODUCT_NAME = "$(TARGET_NAME)";
				SWIFT_EMIT_LOC_STRINGS = YES;
				SWIFT_VERSION = 5.0;
				TARGETED_DEVICE_FAMILY = "1,2";
			};
			name = Debug;
		};
		F0EA30912865FC70007BB1F7 /* Release */ = {
			isa = XCBuildConfiguration;
			buildSettings = {
				ASSETCATALOG_COMPILER_APPICON_NAME = AppIcon;
				ASSETCATALOG_COMPILER_GLOBAL_ACCENT_COLOR_NAME = AccentColor;
				CODE_SIGN_STYLE = Automatic;
				CURRENT_PROJECT_VERSION = 1;
				DEVELOPMENT_TEAM = 8UV3Y69NB7;
				GENERATE_INFOPLIST_FILE = YES;
				INFOPLIST_FILE = SearchDaumBlog/Info.plist;
				INFOPLIST_KEY_UIApplicationSupportsIndirectInputEvents = YES;
				INFOPLIST_KEY_UILaunchStoryboardName = LaunchScreen;
				INFOPLIST_KEY_UISupportedInterfaceOrientations_iPad = "UIInterfaceOrientationPortrait UIInterfaceOrientationPortraitUpsideDown UIInterfaceOrientationLandscapeLeft UIInterfaceOrientationLandscapeRight";
				INFOPLIST_KEY_UISupportedInterfaceOrientations_iPhone = "UIInterfaceOrientationPortrait UIInterfaceOrientationLandscapeLeft UIInterfaceOrientationLandscapeRight";
				LD_RUNPATH_SEARCH_PATHS = (
					"$(inherited)",
					"@executable_path/Frameworks",
				);
				MARKETING_VERSION = 1.0;
				PRODUCT_BUNDLE_IDENTIFIER = gaeng2y.SearchDaumBlog;
				PRODUCT_NAME = "$(TARGET_NAME)";
				SWIFT_EMIT_LOC_STRINGS = YES;
				SWIFT_VERSION = 5.0;
				TARGETED_DEVICE_FAMILY = "1,2";
			};
			name = Release;
		};
/* End XCBuildConfiguration section */

/* Begin XCConfigurationList section */
		F0EA30762865FC6E007BB1F7 /* Build configuration list for PBXProject "SearchDaumBlog" */ = {
			isa = XCConfigurationList;
			buildConfigurations = (
				F0EA308D2865FC70007BB1F7 /* Debug */,
				F0EA308E2865FC70007BB1F7 /* Release */,
			);
			defaultConfigurationIsVisible = 0;
			defaultConfigurationName = Release;
		};
		F0EA308F2865FC70007BB1F7 /* Build configuration list for PBXNativeTarget "SearchDaumBlog" */ = {
			isa = XCConfigurationList;
			buildConfigurations = (
				F0EA30902865FC70007BB1F7 /* Debug */,
				F0EA30912865FC70007BB1F7 /* Release */,
			);
			defaultConfigurationIsVisible = 0;
			defaultConfigurationName = Release;
		};
/* End XCConfigurationList section */

/* Begin XCRemoteSwiftPackageReference section */
		F0EA30922865FC94007BB1F7 /* XCRemoteSwiftPackageReference "RxSwift" */ = {
			isa = XCRemoteSwiftPackageReference;
			repositoryURL = "https://github.com/ReactiveX/RxSwift";
			requirement = {
				kind = upToNextMajorVersion;
				minimumVersion = 6.0.0;
			};
		};
		F0EA30992865FCE9007BB1F7 /* XCRemoteSwiftPackageReference "Kingfisher" */ = {
			isa = XCRemoteSwiftPackageReference;
			repositoryURL = "https://github.com/onevcat/Kingfisher";
			requirement = {
				kind = upToNextMajorVersion;
				minimumVersion = 7.0.0;
			};
		};
		F0EA309C2865FCF7007BB1F7 /* XCRemoteSwiftPackageReference "SnapKit" */ = {
			isa = XCRemoteSwiftPackageReference;
			repositoryURL = "https://github.com/SnapKit/SnapKit";
			requirement = {
				branch = develop;
				kind = branch;
			};
		};
/* End XCRemoteSwiftPackageReference section */

/* Begin XCSwiftPackageProductDependency section */
		F0EA30932865FC94007BB1F7 /* RxCocoa */ = {
			isa = XCSwiftPackageProductDependency;
			package = F0EA30922865FC94007BB1F7 /* XCRemoteSwiftPackageReference "RxSwift" */;
			productName = RxCocoa;
		};
		F0EA30952865FC94007BB1F7 /* RxRelay */ = {
			isa = XCSwiftPackageProductDependency;
			package = F0EA30922865FC94007BB1F7 /* XCRemoteSwiftPackageReference "RxSwift" */;
			productName = RxRelay;
		};
		F0EA30972865FC94007BB1F7 /* RxSwift */ = {
			isa = XCSwiftPackageProductDependency;
			package = F0EA30922865FC94007BB1F7 /* XCRemoteSwiftPackageReference "RxSwift" */;
			productName = RxSwift;
		};
		F0EA309A2865FCE9007BB1F7 /* Kingfisher */ = {
			isa = XCSwiftPackageProductDependency;
			package = F0EA30992865FCE9007BB1F7 /* XCRemoteSwiftPackageReference "Kingfisher" */;
			productName = Kingfisher;
		};
		F0EA309D2865FCF7007BB1F7 /* SnapKit */ = {
			isa = XCSwiftPackageProductDependency;
			package = F0EA309C2865FCF7007BB1F7 /* XCRemoteSwiftPackageReference "SnapKit" */;
			productName = SnapKit;
		};
/* End XCSwiftPackageProductDependency section */
	};
	rootObject = F0EA30732865FC6E007BB1F7 /* Project object */;
}
