// !$*UTF8*$!
{
	archiveVersion = 1;
	classes = {
	};
	objectVersion = 55;
	objects = {

/* Begin PBXBuildFile section */
		3A1EA40C55E2F20837C44543 /* Pods_GithubRepository.framework in Frameworks */ = {isa = PBXBuildFile; fileRef = A1121D48007F4DB95E59E2D4 /* Pods_GithubRepository.framework */; };
		9F7C81AB6C45B65974EA77E9 /* Pods_GithubRepositoryTests.framework in Frameworks */ = {isa = PBXBuildFile; fileRef = F9C9A981A963E691D58D831A /* Pods_GithubRepositoryTests.framework */; };
		E8168D1701EFA19E5C80A94A /* Pods_GithubRepository_GithubRepositoryUITests.framework in Frameworks */ = {isa = PBXBuildFile; fileRef = E53DAFB61AAE106717A9BDCF /* Pods_GithubRepository_GithubRepositoryUITests.framework */; };
		F01E94B6285A1E930092748D /* RepositoryListViewController.swift in Sources */ = {isa = PBXBuildFile; fileRef = F01E94B5285A1E930092748D /* RepositoryListViewController.swift */; };
		F01E94B8285A1EF40092748D /* RepositoryListCell.swift in Sources */ = {isa = PBXBuildFile; fileRef = F01E94B7285A1EF40092748D /* RepositoryListCell.swift */; };
		F01E94BB285A1F5D0092748D /* SnapKit in Frameworks */ = {isa = PBXBuildFile; productRef = F01E94BA285A1F5D0092748D /* SnapKit */; };
		F01E94BD285A220F0092748D /* Repository.swift in Sources */ = {isa = PBXBuildFile; fileRef = F01E94BC285A220F0092748D /* Repository.swift */; };
		F0F11A732850EC7500571EA2 /* AppDelegate.swift in Sources */ = {isa = PBXBuildFile; fileRef = F0F11A722850EC7500571EA2 /* AppDelegate.swift */; };
		F0F11A752850EC7500571EA2 /* SceneDelegate.swift in Sources */ = {isa = PBXBuildFile; fileRef = F0F11A742850EC7500571EA2 /* SceneDelegate.swift */; };
		F0F11A7C2850EC7600571EA2 /* Assets.xcassets in Resources */ = {isa = PBXBuildFile; fileRef = F0F11A7B2850EC7600571EA2 /* Assets.xcassets */; };
		F0F11A7F2850EC7600571EA2 /* LaunchScreen.storyboard in Resources */ = {isa = PBXBuildFile; fileRef = F0F11A7D2850EC7600571EA2 /* LaunchScreen.storyboard */; };
		F0F11A8A2850EC7600571EA2 /* GithubRepositoryTests.swift in Sources */ = {isa = PBXBuildFile; fileRef = F0F11A892850EC7600571EA2 /* GithubRepositoryTests.swift */; };
		F0F11A942850EC7600571EA2 /* GithubRepositoryUITests.swift in Sources */ = {isa = PBXBuildFile; fileRef = F0F11A932850EC7600571EA2 /* GithubRepositoryUITests.swift */; };
		F0F11A962850EC7600571EA2 /* GithubRepositoryUITestsLaunchTests.swift in Sources */ = {isa = PBXBuildFile; fileRef = F0F11A952850EC7600571EA2 /* GithubRepositoryUITestsLaunchTests.swift */; };
/* End PBXBuildFile section */

/* Begin PBXContainerItemProxy section */
		F0F11A862850EC7600571EA2 /* PBXContainerItemProxy */ = {
			isa = PBXContainerItemProxy;
			containerPortal = F0F11A672850EC7500571EA2 /* Project object */;
			proxyType = 1;
			remoteGlobalIDString = F0F11A6E2850EC7500571EA2;
			remoteInfo = GithubRepository;
		};
		F0F11A902850EC7600571EA2 /* PBXContainerItemProxy */ = {
			isa = PBXContainerItemProxy;
			containerPortal = F0F11A672850EC7500571EA2 /* Project object */;
			proxyType = 1;
			remoteGlobalIDString = F0F11A6E2850EC7500571EA2;
			remoteInfo = GithubRepository;
		};
/* End PBXContainerItemProxy section */

/* Begin PBXFileReference section */
		24E4352C098B6F73B61DE9F5 /* Pods-GithubRepositoryTests.debug.xcconfig */ = {isa = PBXFileReference; includeInIndex = 1; lastKnownFileType = text.xcconfig; name = "Pods-GithubRepositoryTests.debug.xcconfig"; path = "Target Support Files/Pods-GithubRepositoryTests/Pods-GithubRepositoryTests.debug.xcconfig"; sourceTree = "<group>"; };
		4ABB3697472F0FEBF672B896 /* Pods-GithubRepository-GithubRepositoryUITests.debug.xcconfig */ = {isa = PBXFileReference; includeInIndex = 1; lastKnownFileType = text.xcconfig; name = "Pods-GithubRepository-GithubRepositoryUITests.debug.xcconfig"; path = "Target Support Files/Pods-GithubRepository-GithubRepositoryUITests/Pods-GithubRepository-GithubRepositoryUITests.debug.xcconfig"; sourceTree = "<group>"; };
		666ED25336014F79BB6D6D0F /* Pods-GithubRepository-GithubRepositoryUITests.release.xcconfig */ = {isa = PBXFileReference; includeInIndex = 1; lastKnownFileType = text.xcconfig; name = "Pods-GithubRepository-GithubRepositoryUITests.release.xcconfig"; path = "Target Support Files/Pods-GithubRepository-GithubRepositoryUITests/Pods-GithubRepository-GithubRepositoryUITests.release.xcconfig"; sourceTree = "<group>"; };
		73AE617BAB81F4E9E1CABAE4 /* Pods-GithubRepositoryTests.release.xcconfig */ = {isa = PBXFileReference; includeInIndex = 1; lastKnownFileType = text.xcconfig; name = "Pods-GithubRepositoryTests.release.xcconfig"; path = "Target Support Files/Pods-GithubRepositoryTests/Pods-GithubRepositoryTests.release.xcconfig"; sourceTree = "<group>"; };
		A1121D48007F4DB95E59E2D4 /* Pods_GithubRepository.framework */ = {isa = PBXFileReference; explicitFileType = wrapper.framework; includeInIndex = 0; path = Pods_GithubRepository.framework; sourceTree = BUILT_PRODUCTS_DIR; };
		C4AC24981E3AB7B1859B48BC /* Pods-GithubRepository.debug.xcconfig */ = {isa = PBXFileReference; includeInIndex = 1; lastKnownFileType = text.xcconfig; name = "Pods-GithubRepository.debug.xcconfig"; path = "Target Support Files/Pods-GithubRepository/Pods-GithubRepository.debug.xcconfig"; sourceTree = "<group>"; };
		E53DAFB61AAE106717A9BDCF /* Pods_GithubRepository_GithubRepositoryUITests.framework */ = {isa = PBXFileReference; explicitFileType = wrapper.framework; includeInIndex = 0; path = Pods_GithubRepository_GithubRepositoryUITests.framework; sourceTree = BUILT_PRODUCTS_DIR; };
		F01E94B5285A1E930092748D /* RepositoryListViewController.swift */ = {isa = PBXFileReference; lastKnownFileType = sourcecode.swift; path = RepositoryListViewController.swift; sourceTree = "<group>"; };
		F01E94B7285A1EF40092748D /* RepositoryListCell.swift */ = {isa = PBXFileReference; lastKnownFileType = sourcecode.swift; path = RepositoryListCell.swift; sourceTree = "<group>"; };
		F01E94BC285A220F0092748D /* Repository.swift */ = {isa = PBXFileReference; lastKnownFileType = sourcecode.swift; path = Repository.swift; sourceTree = "<group>"; };
		F0F11A6F2850EC7500571EA2 /* GithubRepository.app */ = {isa = PBXFileReference; explicitFileType = wrapper.application; includeInIndex = 0; path = GithubRepository.app; sourceTree = BUILT_PRODUCTS_DIR; };
		F0F11A722850EC7500571EA2 /* AppDelegate.swift */ = {isa = PBXFileReference; lastKnownFileType = sourcecode.swift; path = AppDelegate.swift; sourceTree = "<group>"; };
		F0F11A742850EC7500571EA2 /* SceneDelegate.swift */ = {isa = PBXFileReference; lastKnownFileType = sourcecode.swift; path = SceneDelegate.swift; sourceTree = "<group>"; };
		F0F11A7B2850EC7600571EA2 /* Assets.xcassets */ = {isa = PBXFileReference; lastKnownFileType = folder.assetcatalog; path = Assets.xcassets; sourceTree = "<group>"; };
		F0F11A7E2850EC7600571EA2 /* Base */ = {isa = PBXFileReference; lastKnownFileType = file.storyboard; name = Base; path = Base.lproj/LaunchScreen.storyboard; sourceTree = "<group>"; };
		F0F11A802850EC7600571EA2 /* Info.plist */ = {isa = PBXFileReference; lastKnownFileType = text.plist.xml; path = Info.plist; sourceTree = "<group>"; };
		F0F11A852850EC7600571EA2 /* GithubRepositoryTests.xctest */ = {isa = PBXFileReference; explicitFileType = wrapper.cfbundle; includeInIndex = 0; path = GithubRepositoryTests.xctest; sourceTree = BUILT_PRODUCTS_DIR; };
		F0F11A892850EC7600571EA2 /* GithubRepositoryTests.swift */ = {isa = PBXFileReference; lastKnownFileType = sourcecode.swift; path = GithubRepositoryTests.swift; sourceTree = "<group>"; };
		F0F11A8F2850EC7600571EA2 /* GithubRepositoryUITests.xctest */ = {isa = PBXFileReference; explicitFileType = wrapper.cfbundle; includeInIndex = 0; path = GithubRepositoryUITests.xctest; sourceTree = BUILT_PRODUCTS_DIR; };
		F0F11A932850EC7600571EA2 /* GithubRepositoryUITests.swift */ = {isa = PBXFileReference; lastKnownFileType = sourcecode.swift; path = GithubRepositoryUITests.swift; sourceTree = "<group>"; };
		F0F11A952850EC7600571EA2 /* GithubRepositoryUITestsLaunchTests.swift */ = {isa = PBXFileReference; lastKnownFileType = sourcecode.swift; path = GithubRepositoryUITestsLaunchTests.swift; sourceTree = "<group>"; };
		F9C9A981A963E691D58D831A /* Pods_GithubRepositoryTests.framework */ = {isa = PBXFileReference; explicitFileType = wrapper.framework; includeInIndex = 0; path = Pods_GithubRepositoryTests.framework; sourceTree = BUILT_PRODUCTS_DIR; };
		FC8416CB7AC379542B100650 /* Pods-GithubRepository.release.xcconfig */ = {isa = PBXFileReference; includeInIndex = 1; lastKnownFileType = text.xcconfig; name = "Pods-GithubRepository.release.xcconfig"; path = "Target Support Files/Pods-GithubRepository/Pods-GithubRepository.release.xcconfig"; sourceTree = "<group>"; };
/* End PBXFileReference section */

/* Begin PBXFrameworksBuildPhase section */
		F0F11A6C2850EC7500571EA2 /* Frameworks */ = {
			isa = PBXFrameworksBuildPhase;
			buildActionMask = 2147483647;
			files = (
				3A1EA40C55E2F20837C44543 /* Pods_GithubRepository.framework in Frameworks */,
				F01E94BB285A1F5D0092748D /* SnapKit in Frameworks */,
			);
			runOnlyForDeploymentPostprocessing = 0;
		};
		F0F11A822850EC7600571EA2 /* Frameworks */ = {
			isa = PBXFrameworksBuildPhase;
			buildActionMask = 2147483647;
			files = (
				9F7C81AB6C45B65974EA77E9 /* Pods_GithubRepositoryTests.framework in Frameworks */,
			);
			runOnlyForDeploymentPostprocessing = 0;
		};
		F0F11A8C2850EC7600571EA2 /* Frameworks */ = {
			isa = PBXFrameworksBuildPhase;
			buildActionMask = 2147483647;
			files = (
				E8168D1701EFA19E5C80A94A /* Pods_GithubRepository_GithubRepositoryUITests.framework in Frameworks */,
			);
			runOnlyForDeploymentPostprocessing = 0;
		};
/* End PBXFrameworksBuildPhase section */

/* Begin PBXGroup section */
		504FFC947474D6ED2C1BB182 /* Frameworks */ = {
			isa = PBXGroup;
			children = (
				A1121D48007F4DB95E59E2D4 /* Pods_GithubRepository.framework */,
				E53DAFB61AAE106717A9BDCF /* Pods_GithubRepository_GithubRepositoryUITests.framework */,
				F9C9A981A963E691D58D831A /* Pods_GithubRepositoryTests.framework */,
			);
			name = Frameworks;
			sourceTree = "<group>";
		};
		A36AAF3120135AF0A5AEDE2B /* Pods */ = {
			isa = PBXGroup;
			children = (
				C4AC24981E3AB7B1859B48BC /* Pods-GithubRepository.debug.xcconfig */,
				FC8416CB7AC379542B100650 /* Pods-GithubRepository.release.xcconfig */,
				4ABB3697472F0FEBF672B896 /* Pods-GithubRepository-GithubRepositoryUITests.debug.xcconfig */,
				666ED25336014F79BB6D6D0F /* Pods-GithubRepository-GithubRepositoryUITests.release.xcconfig */,
				24E4352C098B6F73B61DE9F5 /* Pods-GithubRepositoryTests.debug.xcconfig */,
				73AE617BAB81F4E9E1CABAE4 /* Pods-GithubRepositoryTests.release.xcconfig */,
			);
			path = Pods;
			sourceTree = "<group>";
		};
		F0F11A662850EC7500571EA2 = {
			isa = PBXGroup;
			children = (
				F0F11A712850EC7500571EA2 /* GithubRepository */,
				F0F11A882850EC7600571EA2 /* GithubRepositoryTests */,
				F0F11A922850EC7600571EA2 /* GithubRepositoryUITests */,
				F0F11A702850EC7500571EA2 /* Products */,
				A36AAF3120135AF0A5AEDE2B /* Pods */,
				504FFC947474D6ED2C1BB182 /* Frameworks */,
			);
			sourceTree = "<group>";
		};
		F0F11A702850EC7500571EA2 /* Products */ = {
			isa = PBXGroup;
			children = (
				F0F11A6F2850EC7500571EA2 /* GithubRepository.app */,
				F0F11A852850EC7600571EA2 /* GithubRepositoryTests.xctest */,
				F0F11A8F2850EC7600571EA2 /* GithubRepositoryUITests.xctest */,
			);
			name = Products;
			sourceTree = "<group>";
		};
		F0F11A712850EC7500571EA2 /* GithubRepository */ = {
			isa = PBXGroup;
			children = (
				F0F11A722850EC7500571EA2 /* AppDelegate.swift */,
				F0F11A742850EC7500571EA2 /* SceneDelegate.swift */,
				F01E94B5285A1E930092748D /* RepositoryListViewController.swift */,
				F01E94B7285A1EF40092748D /* RepositoryListCell.swift */,
				F01E94BC285A220F0092748D /* Repository.swift */,
				F0F11A7B2850EC7600571EA2 /* Assets.xcassets */,
				F0F11A7D2850EC7600571EA2 /* LaunchScreen.storyboard */,
				F0F11A802850EC7600571EA2 /* Info.plist */,
			);
			path = GithubRepository;
			sourceTree = "<group>";
		};
		F0F11A882850EC7600571EA2 /* GithubRepositoryTests */ = {
			isa = PBXGroup;
			children = (
				F0F11A892850EC7600571EA2 /* GithubRepositoryTests.swift */,
			);
			path = GithubRepositoryTests;
			sourceTree = "<group>";
		};
		F0F11A922850EC7600571EA2 /* GithubRepositoryUITests */ = {
			isa = PBXGroup;
			children = (
				F0F11A932850EC7600571EA2 /* GithubRepositoryUITests.swift */,
				F0F11A952850EC7600571EA2 /* GithubRepositoryUITestsLaunchTests.swift */,
			);
			path = GithubRepositoryUITests;
			sourceTree = "<group>";
		};
/* End PBXGroup section */

/* Begin PBXNativeTarget section */
		F0F11A6E2850EC7500571EA2 /* GithubRepository */ = {
			isa = PBXNativeTarget;
			buildConfigurationList = F0F11A992850EC7600571EA2 /* Build configuration list for PBXNativeTarget "GithubRepository" */;
			buildPhases = (
				2923902A0997DDA2578A2216 /* [CP] Check Pods Manifest.lock */,
				F0F11A6B2850EC7500571EA2 /* Sources */,
				F0F11A6C2850EC7500571EA2 /* Frameworks */,
				F0F11A6D2850EC7500571EA2 /* Resources */,
				41AB66B82453FB7E809AEA3E /* [CP] Embed Pods Frameworks */,
			);
			buildRules = (
			);
			dependencies = (
			);
			name = GithubRepository;
			packageProductDependencies = (
				F01E94BA285A1F5D0092748D /* SnapKit */,
			);
			productName = GithubRepository;
			productReference = F0F11A6F2850EC7500571EA2 /* GithubRepository.app */;
			productType = "com.apple.product-type.application";
		};
		F0F11A842850EC7600571EA2 /* GithubRepositoryTests */ = {
			isa = PBXNativeTarget;
			buildConfigurationList = F0F11A9C2850EC7600571EA2 /* Build configuration list for PBXNativeTarget "GithubRepositoryTests" */;
			buildPhases = (
				BDC41A47C9290A8F832DA4B9 /* [CP] Check Pods Manifest.lock */,
				F0F11A812850EC7600571EA2 /* Sources */,
				F0F11A822850EC7600571EA2 /* Frameworks */,
				F0F11A832850EC7600571EA2 /* Resources */,
				9130CD44020549079B5144E3 /* [CP] Embed Pods Frameworks */,
			);
			buildRules = (
			);
			dependencies = (
				F0F11A872850EC7600571EA2 /* PBXTargetDependency */,
			);
			name = GithubRepositoryTests;
			productName = GithubRepositoryTests;
			productReference = F0F11A852850EC7600571EA2 /* GithubRepositoryTests.xctest */;
			productType = "com.apple.product-type.bundle.unit-test";
		};
		F0F11A8E2850EC7600571EA2 /* GithubRepositoryUITests */ = {
			isa = PBXNativeTarget;
			buildConfigurationList = F0F11A9F2850EC7600571EA2 /* Build configuration list for PBXNativeTarget "GithubRepositoryUITests" */;
			buildPhases = (
				9787BD23E7E4A709E46A1D6F /* [CP] Check Pods Manifest.lock */,
				F0F11A8B2850EC7600571EA2 /* Sources */,
				F0F11A8C2850EC7600571EA2 /* Frameworks */,
				F0F11A8D2850EC7600571EA2 /* Resources */,
				D17335B09157B1C73409841E /* [CP] Embed Pods Frameworks */,
			);
			buildRules = (
			);
			dependencies = (
				F0F11A912850EC7600571EA2 /* PBXTargetDependency */,
			);
			name = GithubRepositoryUITests;
			productName = GithubRepositoryUITests;
			productReference = F0F11A8F2850EC7600571EA2 /* GithubRepositoryUITests.xctest */;
			productType = "com.apple.product-type.bundle.ui-testing";
		};
/* End PBXNativeTarget section */

/* Begin PBXProject section */
		F0F11A672850EC7500571EA2 /* Project object */ = {
			isa = PBXProject;
			attributes = {
				BuildIndependentTargetsInParallel = 1;
				LastSwiftUpdateCheck = 1340;
				LastUpgradeCheck = 1340;
				TargetAttributes = {
					F0F11A6E2850EC7500571EA2 = {
						CreatedOnToolsVersion = 13.4;
					};
					F0F11A842850EC7600571EA2 = {
						CreatedOnToolsVersion = 13.4;
						TestTargetID = F0F11A6E2850EC7500571EA2;
					};
					F0F11A8E2850EC7600571EA2 = {
						CreatedOnToolsVersion = 13.4;
						TestTargetID = F0F11A6E2850EC7500571EA2;
					};
				};
			};
			buildConfigurationList = F0F11A6A2850EC7500571EA2 /* Build configuration list for PBXProject "GithubRepository" */;
			compatibilityVersion = "Xcode 13.0";
			developmentRegion = en;
			hasScannedForEncodings = 0;
			knownRegions = (
				en,
				Base,
			);
			mainGroup = F0F11A662850EC7500571EA2;
			packageReferences = (
				F01E94B9285A1F5D0092748D /* XCRemoteSwiftPackageReference "SnapKit" */,
			);
			productRefGroup = F0F11A702850EC7500571EA2 /* Products */;
			projectDirPath = "";
			projectRoot = "";
			targets = (
				F0F11A6E2850EC7500571EA2 /* GithubRepository */,
				F0F11A842850EC7600571EA2 /* GithubRepositoryTests */,
				F0F11A8E2850EC7600571EA2 /* GithubRepositoryUITests */,
			);
		};
/* End PBXProject section */

/* Begin PBXResourcesBuildPhase section */
		F0F11A6D2850EC7500571EA2 /* Resources */ = {
			isa = PBXResourcesBuildPhase;
			buildActionMask = 2147483647;
			files = (
				F0F11A7F2850EC7600571EA2 /* LaunchScreen.storyboard in Resources */,
				F0F11A7C2850EC7600571EA2 /* Assets.xcassets in Resources */,
			);
			runOnlyForDeploymentPostprocessing = 0;
		};
		F0F11A832850EC7600571EA2 /* Resources */ = {
			isa = PBXResourcesBuildPhase;
			buildActionMask = 2147483647;
			files = (
			);
			runOnlyForDeploymentPostprocessing = 0;
		};
		F0F11A8D2850EC7600571EA2 /* Resources */ = {
			isa = PBXResourcesBuildPhase;
			buildActionMask = 2147483647;
			files = (
			);
			runOnlyForDeploymentPostprocessing = 0;
		};
/* End PBXResourcesBuildPhase section */

/* Begin PBXShellScriptBuildPhase section */
		2923902A0997DDA2578A2216 /* [CP] Check Pods Manifest.lock */ = {
			isa = PBXShellScriptBuildPhase;
			buildActionMask = 2147483647;
			files = (
			);
			inputFileListPaths = (
			);
			inputPaths = (
				"${PODS_PODFILE_DIR_PATH}/Podfile.lock",
				"${PODS_ROOT}/Manifest.lock",
			);
			name = "[CP] Check Pods Manifest.lock";
			outputFileListPaths = (
			);
			outputPaths = (
				"$(DERIVED_FILE_DIR)/Pods-GithubRepository-checkManifestLockResult.txt",
			);
			runOnlyForDeploymentPostprocessing = 0;
			shellPath = /bin/sh;
			shellScript = "diff \"${PODS_PODFILE_DIR_PATH}/Podfile.lock\" \"${PODS_ROOT}/Manifest.lock\" > /dev/null\nif [ $? != 0 ] ; then\n    # print error to STDERR\n    echo \"error: The sandbox is not in sync with the Podfile.lock. Run 'pod install' or update your CocoaPods installation.\" >&2\n    exit 1\nfi\n# This output is used by Xcode 'outputs' to avoid re-running this script phase.\necho \"SUCCESS\" > \"${SCRIPT_OUTPUT_FILE_0}\"\n";
			showEnvVarsInLog = 0;
		};
		41AB66B82453FB7E809AEA3E /* [CP] Embed Pods Frameworks */ = {
			isa = PBXShellScriptBuildPhase;
			buildActionMask = 2147483647;
			files = (
			);
			inputFileListPaths = (
				"${PODS_ROOT}/Target Support Files/Pods-GithubRepository/Pods-GithubRepository-frameworks-${CONFIGURATION}-input-files.xcfilelist",
			);
			name = "[CP] Embed Pods Frameworks";
			outputFileListPaths = (
				"${PODS_ROOT}/Target Support Files/Pods-GithubRepository/Pods-GithubRepository-frameworks-${CONFIGURATION}-output-files.xcfilelist",
			);
			runOnlyForDeploymentPostprocessing = 0;
			shellPath = /bin/sh;
			shellScript = "\"${PODS_ROOT}/Target Support Files/Pods-GithubRepository/Pods-GithubRepository-frameworks.sh\"\n";
			showEnvVarsInLog = 0;
		};
		9130CD44020549079B5144E3 /* [CP] Embed Pods Frameworks */ = {
			isa = PBXShellScriptBuildPhase;
			buildActionMask = 2147483647;
			files = (
			);
			inputFileListPaths = (
				"${PODS_ROOT}/Target Support Files/Pods-GithubRepositoryTests/Pods-GithubRepositoryTests-frameworks-${CONFIGURATION}-input-files.xcfilelist",
			);
			name = "[CP] Embed Pods Frameworks";
			outputFileListPaths = (
				"${PODS_ROOT}/Target Support Files/Pods-GithubRepositoryTests/Pods-GithubRepositoryTests-frameworks-${CONFIGURATION}-output-files.xcfilelist",
			);
			runOnlyForDeploymentPostprocessing = 0;
			shellPath = /bin/sh;
			shellScript = "\"${PODS_ROOT}/Target Support Files/Pods-GithubRepositoryTests/Pods-GithubRepositoryTests-frameworks.sh\"\n";
			showEnvVarsInLog = 0;
		};
		9787BD23E7E4A709E46A1D6F /* [CP] Check Pods Manifest.lock */ = {
			isa = PBXShellScriptBuildPhase;
			buildActionMask = 2147483647;
			files = (
			);
			inputFileListPaths = (
			);
			inputPaths = (
				"${PODS_PODFILE_DIR_PATH}/Podfile.lock",
				"${PODS_ROOT}/Manifest.lock",
			);
			name = "[CP] Check Pods Manifest.lock";
			outputFileListPaths = (
			);
			outputPaths = (
				"$(DERIVED_FILE_DIR)/Pods-GithubRepository-GithubRepositoryUITests-checkManifestLockResult.txt",
			);
			runOnlyForDeploymentPostprocessing = 0;
			shellPath = /bin/sh;
			shellScript = "diff \"${PODS_PODFILE_DIR_PATH}/Podfile.lock\" \"${PODS_ROOT}/Manifest.lock\" > /dev/null\nif [ $? != 0 ] ; then\n    # print error to STDERR\n    echo \"error: The sandbox is not in sync with the Podfile.lock. Run 'pod install' or update your CocoaPods installation.\" >&2\n    exit 1\nfi\n# This output is used by Xcode 'outputs' to avoid re-running this script phase.\necho \"SUCCESS\" > \"${SCRIPT_OUTPUT_FILE_0}\"\n";
			showEnvVarsInLog = 0;
		};
		BDC41A47C9290A8F832DA4B9 /* [CP] Check Pods Manifest.lock */ = {
			isa = PBXShellScriptBuildPhase;
			buildActionMask = 2147483647;
			files = (
			);
			inputFileListPaths = (
			);
			inputPaths = (
				"${PODS_PODFILE_DIR_PATH}/Podfile.lock",
				"${PODS_ROOT}/Manifest.lock",
			);
			name = "[CP] Check Pods Manifest.lock";
			outputFileListPaths = (
			);
			outputPaths = (
				"$(DERIVED_FILE_DIR)/Pods-GithubRepositoryTests-checkManifestLockResult.txt",
			);
			runOnlyForDeploymentPostprocessing = 0;
			shellPath = /bin/sh;
			shellScript = "diff \"${PODS_PODFILE_DIR_PATH}/Podfile.lock\" \"${PODS_ROOT}/Manifest.lock\" > /dev/null\nif [ $? != 0 ] ; then\n    # print error to STDERR\n    echo \"error: The sandbox is not in sync with the Podfile.lock. Run 'pod install' or update your CocoaPods installation.\" >&2\n    exit 1\nfi\n# This output is used by Xcode 'outputs' to avoid re-running this script phase.\necho \"SUCCESS\" > \"${SCRIPT_OUTPUT_FILE_0}\"\n";
			showEnvVarsInLog = 0;
		};
		D17335B09157B1C73409841E /* [CP] Embed Pods Frameworks */ = {
			isa = PBXShellScriptBuildPhase;
			buildActionMask = 2147483647;
			files = (
			);
			inputFileListPaths = (
				"${PODS_ROOT}/Target Support Files/Pods-GithubRepository-GithubRepositoryUITests/Pods-GithubRepository-GithubRepositoryUITests-frameworks-${CONFIGURATION}-input-files.xcfilelist",
			);
			name = "[CP] Embed Pods Frameworks";
			outputFileListPaths = (
				"${PODS_ROOT}/Target Support Files/Pods-GithubRepository-GithubRepositoryUITests/Pods-GithubRepository-GithubRepositoryUITests-frameworks-${CONFIGURATION}-output-files.xcfilelist",
			);
			runOnlyForDeploymentPostprocessing = 0;
			shellPath = /bin/sh;
			shellScript = "\"${PODS_ROOT}/Target Support Files/Pods-GithubRepository-GithubRepositoryUITests/Pods-GithubRepository-GithubRepositoryUITests-frameworks.sh\"\n";
			showEnvVarsInLog = 0;
		};
/* End PBXShellScriptBuildPhase section */

/* Begin PBXSourcesBuildPhase section */
		F0F11A6B2850EC7500571EA2 /* Sources */ = {
			isa = PBXSourcesBuildPhase;
			buildActionMask = 2147483647;
			files = (
				F0F11A732850EC7500571EA2 /* AppDelegate.swift in Sources */,
				F0F11A752850EC7500571EA2 /* SceneDelegate.swift in Sources */,
				F01E94BD285A220F0092748D /* Repository.swift in Sources */,
				F01E94B6285A1E930092748D /* RepositoryListViewController.swift in Sources */,
				F01E94B8285A1EF40092748D /* RepositoryListCell.swift in Sources */,
			);
			runOnlyForDeploymentPostprocessing = 0;
		};
		F0F11A812850EC7600571EA2 /* Sources */ = {
			isa = PBXSourcesBuildPhase;
			buildActionMask = 2147483647;
			files = (
				F0F11A8A2850EC7600571EA2 /* GithubRepositoryTests.swift in Sources */,
			);
			runOnlyForDeploymentPostprocessing = 0;
		};
		F0F11A8B2850EC7600571EA2 /* Sources */ = {
			isa = PBXSourcesBuildPhase;
			buildActionMask = 2147483647;
			files = (
				F0F11A942850EC7600571EA2 /* GithubRepositoryUITests.swift in Sources */,
				F0F11A962850EC7600571EA2 /* GithubRepositoryUITestsLaunchTests.swift in Sources */,
			);
			runOnlyForDeploymentPostprocessing = 0;
		};
/* End PBXSourcesBuildPhase section */

/* Begin PBXTargetDependency section */
		F0F11A872850EC7600571EA2 /* PBXTargetDependency */ = {
			isa = PBXTargetDependency;
			target = F0F11A6E2850EC7500571EA2 /* GithubRepository */;
			targetProxy = F0F11A862850EC7600571EA2 /* PBXContainerItemProxy */;
		};
		F0F11A912850EC7600571EA2 /* PBXTargetDependency */ = {
			isa = PBXTargetDependency;
			target = F0F11A6E2850EC7500571EA2 /* GithubRepository */;
			targetProxy = F0F11A902850EC7600571EA2 /* PBXContainerItemProxy */;
		};
/* End PBXTargetDependency section */

/* Begin PBXVariantGroup section */
		F0F11A7D2850EC7600571EA2 /* LaunchScreen.storyboard */ = {
			isa = PBXVariantGroup;
			children = (
				F0F11A7E2850EC7600571EA2 /* Base */,
			);
			name = LaunchScreen.storyboard;
			sourceTree = "<group>";
		};
/* End PBXVariantGroup section */

/* Begin XCBuildConfiguration section */
		F0F11A972850EC7600571EA2 /* Debug */ = {
			isa = XCBuildConfiguration;
			buildSettings = {
				ALWAYS_SEARCH_USER_PATHS = NO;
				CLANG_ANALYZER_NONNULL = YES;
				CLANG_ANALYZER_NUMBER_OBJECT_CONVERSION = YES_AGGRESSIVE;
				CLANG_CXX_LANGUAGE_STANDARD = "gnu++17";
				CLANG_ENABLE_MODULES = YES;
				CLANG_ENABLE_OBJC_ARC = YES;
				CLANG_ENABLE_OBJC_WEAK = YES;
				CLANG_WARN_BLOCK_CAPTURE_AUTORELEASING = YES;
				CLANG_WARN_BOOL_CONVERSION = YES;
				CLANG_WARN_COMMA = YES;
				CLANG_WARN_CONSTANT_CONVERSION = YES;
				CLANG_WARN_DEPRECATED_OBJC_IMPLEMENTATIONS = YES;
				CLANG_WARN_DIRECT_OBJC_ISA_USAGE = YES_ERROR;
				CLANG_WARN_DOCUMENTATION_COMMENTS = YES;
				CLANG_WARN_EMPTY_BODY = YES;
				CLANG_WARN_ENUM_CONVERSION = YES;
				CLANG_WARN_INFINITE_RECURSION = YES;
				CLANG_WARN_INT_CONVERSION = YES;
				CLANG_WARN_NON_LITERAL_NULL_CONVERSION = YES;
				CLANG_WARN_OBJC_IMPLICIT_RETAIN_SELF = YES;
				CLANG_WARN_OBJC_LITERAL_CONVERSION = YES;
				CLANG_WARN_OBJC_ROOT_CLASS = YES_ERROR;
				CLANG_WARN_QUOTED_INCLUDE_IN_FRAMEWORK_HEADER = YES;
				CLANG_WARN_RANGE_LOOP_ANALYSIS = YES;
				CLANG_WARN_STRICT_PROTOTYPES = YES;
				CLANG_WARN_SUSPICIOUS_MOVE = YES;
				CLANG_WARN_UNGUARDED_AVAILABILITY = YES_AGGRESSIVE;
				CLANG_WARN_UNREACHABLE_CODE = YES;
				CLANG_WARN__DUPLICATE_METHOD_MATCH = YES;
				COPY_PHASE_STRIP = NO;
				DEBUG_INFORMATION_FORMAT = dwarf;
				ENABLE_STRICT_OBJC_MSGSEND = YES;
				ENABLE_TESTABILITY = YES;
				GCC_C_LANGUAGE_STANDARD = gnu11;
				GCC_DYNAMIC_NO_PIC = NO;
				GCC_NO_COMMON_BLOCKS = YES;
				GCC_OPTIMIZATION_LEVEL = 0;
				GCC_PREPROCESSOR_DEFINITIONS = (
					"DEBUG=1",
					"$(inherited)",
				);
				GCC_WARN_64_TO_32_BIT_CONVERSION = YES;
				GCC_WARN_ABOUT_RETURN_TYPE = YES_ERROR;
				GCC_WARN_UNDECLARED_SELECTOR = YES;
				GCC_WARN_UNINITIALIZED_AUTOS = YES_AGGRESSIVE;
				GCC_WARN_UNUSED_FUNCTION = YES;
				GCC_WARN_UNUSED_VARIABLE = YES;
				IPHONEOS_DEPLOYMENT_TARGET = 15.5;
				MTL_ENABLE_DEBUG_INFO = INCLUDE_SOURCE;
				MTL_FAST_MATH = YES;
				ONLY_ACTIVE_ARCH = YES;
				SDKROOT = iphoneos;
				SWIFT_ACTIVE_COMPILATION_CONDITIONS = DEBUG;
				SWIFT_OPTIMIZATION_LEVEL = "-Onone";
			};
			name = Debug;
		};
		F0F11A982850EC7600571EA2 /* Release */ = {
			isa = XCBuildConfiguration;
			buildSettings = {
				ALWAYS_SEARCH_USER_PATHS = NO;
				CLANG_ANALYZER_NONNULL = YES;
				CLANG_ANALYZER_NUMBER_OBJECT_CONVERSION = YES_AGGRESSIVE;
				CLANG_CXX_LANGUAGE_STANDARD = "gnu++17";
				CLANG_ENABLE_MODULES = YES;
				CLANG_ENABLE_OBJC_ARC = YES;
				CLANG_ENABLE_OBJC_WEAK = YES;
				CLANG_WARN_BLOCK_CAPTURE_AUTORELEASING = YES;
				CLANG_WARN_BOOL_CONVERSION = YES;
				CLANG_WARN_COMMA = YES;
				CLANG_WARN_CONSTANT_CONVERSION = YES;
				CLANG_WARN_DEPRECATED_OBJC_IMPLEMENTATIONS = YES;
				CLANG_WARN_DIRECT_OBJC_ISA_USAGE = YES_ERROR;
				CLANG_WARN_DOCUMENTATION_COMMENTS = YES;
				CLANG_WARN_EMPTY_BODY = YES;
				CLANG_WARN_ENUM_CONVERSION = YES;
				CLANG_WARN_INFINITE_RECURSION = YES;
				CLANG_WARN_INT_CONVERSION = YES;
				CLANG_WARN_NON_LITERAL_NULL_CONVERSION = YES;
				CLANG_WARN_OBJC_IMPLICIT_RETAIN_SELF = YES;
				CLANG_WARN_OBJC_LITERAL_CONVERSION = YES;
				CLANG_WARN_OBJC_ROOT_CLASS = YES_ERROR;
				CLANG_WARN_QUOTED_INCLUDE_IN_FRAMEWORK_HEADER = YES;
				CLANG_WARN_RANGE_LOOP_ANALYSIS = YES;
				CLANG_WARN_STRICT_PROTOTYPES = YES;
				CLANG_WARN_SUSPICIOUS_MOVE = YES;
				CLANG_WARN_UNGUARDED_AVAILABILITY = YES_AGGRESSIVE;
				CLANG_WARN_UNREACHABLE_CODE = YES;
				CLANG_WARN__DUPLICATE_METHOD_MATCH = YES;
				COPY_PHASE_STRIP = NO;
				DEBUG_INFORMATION_FORMAT = "dwarf-with-dsym";
				ENABLE_NS_ASSERTIONS = NO;
				ENABLE_STRICT_OBJC_MSGSEND = YES;
				GCC_C_LANGUAGE_STANDARD = gnu11;
				GCC_NO_COMMON_BLOCKS = YES;
				GCC_WARN_64_TO_32_BIT_CONVERSION = YES;
				GCC_WARN_ABOUT_RETURN_TYPE = YES_ERROR;
				GCC_WARN_UNDECLARED_SELECTOR = YES;
				GCC_WARN_UNINITIALIZED_AUTOS = YES_AGGRESSIVE;
				GCC_WARN_UNUSED_FUNCTION = YES;
				GCC_WARN_UNUSED_VARIABLE = YES;
				IPHONEOS_DEPLOYMENT_TARGET = 15.5;
				MTL_ENABLE_DEBUG_INFO = NO;
				MTL_FAST_MATH = YES;
				SDKROOT = iphoneos;
				SWIFT_COMPILATION_MODE = wholemodule;
				SWIFT_OPTIMIZATION_LEVEL = "-O";
				VALIDATE_PRODUCT = YES;
			};
			name = Release;
		};
		F0F11A9A2850EC7600571EA2 /* Debug */ = {
			isa = XCBuildConfiguration;
			baseConfigurationReference = C4AC24981E3AB7B1859B48BC /* Pods-GithubRepository.debug.xcconfig */;
			buildSettings = {
				ASSETCATALOG_COMPILER_APPICON_NAME = AppIcon;
				ASSETCATALOG_COMPILER_GLOBAL_ACCENT_COLOR_NAME = AccentColor;
				CODE_SIGN_STYLE = Automatic;
				CURRENT_PROJECT_VERSION = 1;
				DEVELOPMENT_TEAM = 8UV3Y69NB7;
				GENERATE_INFOPLIST_FILE = YES;
				INFOPLIST_FILE = GithubRepository/Info.plist;
				INFOPLIST_KEY_UIApplicationSupportsIndirectInputEvents = YES;
				INFOPLIST_KEY_UILaunchStoryboardName = LaunchScreen;
				INFOPLIST_KEY_UISupportedInterfaceOrientations_iPad = "UIInterfaceOrientationPortrait UIInterfaceOrientationPortraitUpsideDown UIInterfaceOrientationLandscapeLeft UIInterfaceOrientationLandscapeRight";
				INFOPLIST_KEY_UISupportedInterfaceOrientations_iPhone = "UIInterfaceOrientationPortrait UIInterfaceOrientationLandscapeLeft UIInterfaceOrientationLandscapeRight";
				LD_RUNPATH_SEARCH_PATHS = (
					"$(inherited)",
					"@executable_path/Frameworks",
				);
				MARKETING_VERSION = 1.0;
				PRODUCT_BUNDLE_IDENTIFIER = gaeng2y.GithubRepository;
				PRODUCT_NAME = "$(TARGET_NAME)";
				SWIFT_EMIT_LOC_STRINGS = YES;
				SWIFT_VERSION = 5.0;
				TARGETED_DEVICE_FAMILY = "1,2";
			};
			name = Debug;
		};
		F0F11A9B2850EC7600571EA2 /* Release */ = {
			isa = XCBuildConfiguration;
			baseConfigurationReference = FC8416CB7AC379542B100650 /* Pods-GithubRepository.release.xcconfig */;
			buildSettings = {
				ASSETCATALOG_COMPILER_APPICON_NAME = AppIcon;
				ASSETCATALOG_COMPILER_GLOBAL_ACCENT_COLOR_NAME = AccentColor;
				CODE_SIGN_STYLE = Automatic;
				CURRENT_PROJECT_VERSION = 1;
				DEVELOPMENT_TEAM = 8UV3Y69NB7;
				GENERATE_INFOPLIST_FILE = YES;
				INFOPLIST_FILE = GithubRepository/Info.plist;
				INFOPLIST_KEY_UIApplicationSupportsIndirectInputEvents = YES;
				INFOPLIST_KEY_UILaunchStoryboardName = LaunchScreen;
				INFOPLIST_KEY_UISupportedInterfaceOrientations_iPad = "UIInterfaceOrientationPortrait UIInterfaceOrientationPortraitUpsideDown UIInterfaceOrientationLandscapeLeft UIInterfaceOrientationLandscapeRight";
				INFOPLIST_KEY_UISupportedInterfaceOrientations_iPhone = "UIInterfaceOrientationPortrait UIInterfaceOrientationLandscapeLeft UIInterfaceOrientationLandscapeRight";
				LD_RUNPATH_SEARCH_PATHS = (
					"$(inherited)",
					"@executable_path/Frameworks",
				);
				MARKETING_VERSION = 1.0;
				PRODUCT_BUNDLE_IDENTIFIER = gaeng2y.GithubRepository;
				PRODUCT_NAME = "$(TARGET_NAME)";
				SWIFT_EMIT_LOC_STRINGS = YES;
				SWIFT_VERSION = 5.0;
				TARGETED_DEVICE_FAMILY = "1,2";
			};
			name = Release;
		};
		F0F11A9D2850EC7600571EA2 /* Debug */ = {
			isa = XCBuildConfiguration;
			baseConfigurationReference = 24E4352C098B6F73B61DE9F5 /* Pods-GithubRepositoryTests.debug.xcconfig */;
			buildSettings = {
				ALWAYS_EMBED_SWIFT_STANDARD_LIBRARIES = YES;
				BUNDLE_LOADER = "$(TEST_HOST)";
				CODE_SIGN_STYLE = Automatic;
				CURRENT_PROJECT_VERSION = 1;
				DEVELOPMENT_TEAM = 8UV3Y69NB7;
				GENERATE_INFOPLIST_FILE = YES;
				IPHONEOS_DEPLOYMENT_TARGET = 15.5;
				MARKETING_VERSION = 1.0;
				PRODUCT_BUNDLE_IDENTIFIER = gaeng2y.GithubRepositoryTests;
				PRODUCT_NAME = "$(TARGET_NAME)";
				SWIFT_EMIT_LOC_STRINGS = NO;
				SWIFT_VERSION = 5.0;
				TARGETED_DEVICE_FAMILY = "1,2";
				TEST_HOST = "$(BUILT_PRODUCTS_DIR)/GithubRepository.app/GithubRepository";
			};
			name = Debug;
		};
		F0F11A9E2850EC7600571EA2 /* Release */ = {
			isa = XCBuildConfiguration;
			baseConfigurationReference = 73AE617BAB81F4E9E1CABAE4 /* Pods-GithubRepositoryTests.release.xcconfig */;
			buildSettings = {
				ALWAYS_EMBED_SWIFT_STANDARD_LIBRARIES = YES;
				BUNDLE_LOADER = "$(TEST_HOST)";
				CODE_SIGN_STYLE = Automatic;
				CURRENT_PROJECT_VERSION = 1;
				DEVELOPMENT_TEAM = 8UV3Y69NB7;
				GENERATE_INFOPLIST_FILE = YES;
				IPHONEOS_DEPLOYMENT_TARGET = 15.5;
				MARKETING_VERSION = 1.0;
				PRODUCT_BUNDLE_IDENTIFIER = gaeng2y.GithubRepositoryTests;
				PRODUCT_NAME = "$(TARGET_NAME)";
				SWIFT_EMIT_LOC_STRINGS = NO;
				SWIFT_VERSION = 5.0;
				TARGETED_DEVICE_FAMILY = "1,2";
				TEST_HOST = "$(BUILT_PRODUCTS_DIR)/GithubRepository.app/GithubRepository";
			};
			name = Release;
		};
		F0F11AA02850EC7600571EA2 /* Debug */ = {
			isa = XCBuildConfiguration;
			baseConfigurationReference = 4ABB3697472F0FEBF672B896 /* Pods-GithubRepository-GithubRepositoryUITests.debug.xcconfig */;
			buildSettings = {
				ALWAYS_EMBED_SWIFT_STANDARD_LIBRARIES = YES;
				CODE_SIGN_STYLE = Automatic;
				CURRENT_PROJECT_VERSION = 1;
				DEVELOPMENT_TEAM = 8UV3Y69NB7;
				GENERATE_INFOPLIST_FILE = YES;
				MARKETING_VERSION = 1.0;
				PRODUCT_BUNDLE_IDENTIFIER = gaeng2y.GithubRepositoryUITests;
				PRODUCT_NAME = "$(TARGET_NAME)";
				SWIFT_EMIT_LOC_STRINGS = NO;
				SWIFT_VERSION = 5.0;
				TARGETED_DEVICE_FAMILY = "1,2";
				TEST_TARGET_NAME = GithubRepository;
			};
			name = Debug;
		};
		F0F11AA12850EC7600571EA2 /* Release */ = {
			isa = XCBuildConfiguration;
			baseConfigurationReference = 666ED25336014F79BB6D6D0F /* Pods-GithubRepository-GithubRepositoryUITests.release.xcconfig */;
			buildSettings = {
				ALWAYS_EMBED_SWIFT_STANDARD_LIBRARIES = YES;
				CODE_SIGN_STYLE = Automatic;
				CURRENT_PROJECT_VERSION = 1;
				DEVELOPMENT_TEAM = 8UV3Y69NB7;
				GENERATE_INFOPLIST_FILE = YES;
				MARKETING_VERSION = 1.0;
				PRODUCT_BUNDLE_IDENTIFIER = gaeng2y.GithubRepositoryUITests;
				PRODUCT_NAME = "$(TARGET_NAME)";
				SWIFT_EMIT_LOC_STRINGS = NO;
				SWIFT_VERSION = 5.0;
				TARGETED_DEVICE_FAMILY = "1,2";
				TEST_TARGET_NAME = GithubRepository;
			};
			name = Release;
		};
/* End XCBuildConfiguration section */

/* Begin XCConfigurationList section */
		F0F11A6A2850EC7500571EA2 /* Build configuration list for PBXProject "GithubRepository" */ = {
			isa = XCConfigurationList;
			buildConfigurations = (
				F0F11A972850EC7600571EA2 /* Debug */,
				F0F11A982850EC7600571EA2 /* Release */,
			);
			defaultConfigurationIsVisible = 0;
			defaultConfigurationName = Release;
		};
		F0F11A992850EC7600571EA2 /* Build configuration list for PBXNativeTarget "GithubRepository" */ = {
			isa = XCConfigurationList;
			buildConfigurations = (
				F0F11A9A2850EC7600571EA2 /* Debug */,
				F0F11A9B2850EC7600571EA2 /* Release */,
			);
			defaultConfigurationIsVisible = 0;
			defaultConfigurationName = Release;
		};
		F0F11A9C2850EC7600571EA2 /* Build configuration list for PBXNativeTarget "GithubRepositoryTests" */ = {
			isa = XCConfigurationList;
			buildConfigurations = (
				F0F11A9D2850EC7600571EA2 /* Debug */,
				F0F11A9E2850EC7600571EA2 /* Release */,
			);
			defaultConfigurationIsVisible = 0;
			defaultConfigurationName = Release;
		};
		F0F11A9F2850EC7600571EA2 /* Build configuration list for PBXNativeTarget "GithubRepositoryUITests" */ = {
			isa = XCConfigurationList;
			buildConfigurations = (
				F0F11AA02850EC7600571EA2 /* Debug */,
				F0F11AA12850EC7600571EA2 /* Release */,
			);
			defaultConfigurationIsVisible = 0;
			defaultConfigurationName = Release;
		};
/* End XCConfigurationList section */

/* Begin XCRemoteSwiftPackageReference section */
		F01E94B9285A1F5D0092748D /* XCRemoteSwiftPackageReference "SnapKit" */ = {
			isa = XCRemoteSwiftPackageReference;
			repositoryURL = "https://github.com/SnapKit/SnapKit";
			requirement = {
				kind = upToNextMajorVersion;
				minimumVersion = 5.0.0;
			};
		};
/* End XCRemoteSwiftPackageReference section */

/* Begin XCSwiftPackageProductDependency section */
		F01E94BA285A1F5D0092748D /* SnapKit */ = {
			isa = XCSwiftPackageProductDependency;
			package = F01E94B9285A1F5D0092748D /* XCRemoteSwiftPackageReference "SnapKit" */;
			productName = SnapKit;
		};
/* End XCSwiftPackageProductDependency section */
	};
	rootObject = F0F11A672850EC7500571EA2 /* Project object */;
}
